
Microsoft Visual Studio Solution File, Format Version 12.00
# Visual Studio Version 17
VisualStudioVersion = 17.3.32901.215
MinimumVisualStudioVersion = 10.0.40219.1
Project("{FAE04EC0-301F-11D3-BF4B-00C04F79EFBC}") = "CRUD", "CRUD.csproj", "{FB458E31-1C91-4803-BE74-99461C1E2801}"
EndProject
Global
	GlobalSection(SolutionConfigurationPlatforms) = preSolution
		Debug|Any CPU = Debug|Any CPU
		Release|Any CPU = Release|Any CPU
	EndGlobalSection
	GlobalSection(ProjectConfigurationPlatforms) = postSolution
		{FB458E31-1C91-4803-BE74-99461C1E2801}.Debug|Any CPU.ActiveCfg = Debug|Any CPU
		{FB458E31-1C91-4803-BE74-99461C1E2801}.Debug|Any CPU.Build.0 = Debug|Any CPU
		{FB458E31-1C91-4803-BE74-99461C1E2801}.Release|Any CPU.ActiveCfg = Release|Any CPU
		{FB458E31-1C91-4803-BE74-99461C1E2801}.Release|Any CPU.Build.0 = Release|Any CPU
	EndGlobalSection
	GlobalSection(SolutionProperties) = preSolution
		HideSolutionNode = FALSE
	EndGlobalSection
	GlobalSection(ExtensibilityGlobals) = postSolution
		SolutionGuid = {ED8BFD91-3851-4285-9D89-B06A8407E7F3}
	EndGlobalSection
EndGlobal
